
Microsoft Visual Studio Solution File, Format Version 12.00
# Visual Studio 15
VisualStudioVersion = 15.0.27428.2037
MinimumVisualStudioVersion = 10.0.40219.1
Project("{FAE04EC0-301F-11D3-BF4B-00C04F79EFBC}") = "AutoTestsForVK", "AutoTestsForVK\AutoTestsForVK.csproj", "{00966CA1-741C-4F70-ACE3-006C0E3B23E0}"
EndProject
Global
	GlobalSection(SolutionConfigurationPlatforms) = preSolution
		Debug|Any CPU = Debug|Any CPU
		Release|Any CPU = Release|Any CPU
	EndGlobalSection
	GlobalSection(ProjectConfigurationPlatforms) = postSolution
		{00966CA1-741C-4F70-ACE3-006C0E3B23E0}.Debug|Any CPU.ActiveCfg = Debug|Any CPU
		{00966CA1-741C-4F70-ACE3-006C0E3B23E0}.Debug|Any CPU.Build.0 = Debug|Any CPU
		{00966CA1-741C-4F70-ACE3-006C0E3B23E0}.Release|Any CPU.ActiveCfg = Release|Any CPU
		{00966CA1-741C-4F70-ACE3-006C0E3B23E0}.Release|Any CPU.Build.0 = Release|Any CPU
	EndGlobalSection
	GlobalSection(SolutionProperties) = preSolution
		HideSolutionNode = FALSE
	EndGlobalSection
	GlobalSection(ExtensibilityGlobals) = postSolution
		SolutionGuid = {3CE9BCD8-E01B-4AE2-93C5-0AF0F5B5B211}
	EndGlobalSection
EndGlobal
